// !$*UTF8*$!
{
	archiveVersion = 1;
	classes = {
	};
	objectVersion = 56;
	objects = {

/* Begin PBXBuildFile section */
		0D17C81EA01EE8C5ABD9C5E6 /* Pods_DailyFood.framework in Frameworks */ = {isa = PBXBuildFile; fileRef = F2F15FDF9C6A252B8CC46786 /* Pods_DailyFood.framework */; };
		7113AE5029D4720600C12957 /* OrdersPageViewController.swift in Sources */ = {isa = PBXBuildFile; fileRef = 7113AE4F29D4720600C12957 /* OrdersPageViewController.swift */; };
		7113AE5229D4721D00C12957 /* DataPageViewController.swift in Sources */ = {isa = PBXBuildFile; fileRef = 7113AE5129D4721D00C12957 /* DataPageViewController.swift */; };
		7113AE5429D4722700C12957 /* BonusPageViewController.swift in Sources */ = {isa = PBXBuildFile; fileRef = 7113AE5329D4722700C12957 /* BonusPageViewController.swift */; };
		7113AE5729D4724000C12957 /* DeliveryPageViewController.swift in Sources */ = {isa = PBXBuildFile; fileRef = 7113AE5629D4724000C12957 /* DeliveryPageViewController.swift */; };
		7113AE5A29D4754600C12957 /* TechHelpPageViewController.swift in Sources */ = {isa = PBXBuildFile; fileRef = 7113AE5929D4754600C12957 /* TechHelpPageViewController.swift */; };
		7125C5E229C363D000B85429 /* Resources.swift in Sources */ = {isa = PBXBuildFile; fileRef = 7125C5E129C363D000B85429 /* Resources.swift */; };
		7125C5E429C36F1E00B85429 /* MainViewController.swift in Sources */ = {isa = PBXBuildFile; fileRef = 7125C5E329C36F1E00B85429 /* MainViewController.swift */; };
		7125C5E629C36F5500B85429 /* AccountViewController.swift in Sources */ = {isa = PBXBuildFile; fileRef = 7125C5E529C36F5500B85429 /* AccountViewController.swift */; };
		7146D9552A3DB8E300E16BD4 /* AllOrdersOfUserModel.swift in Sources */ = {isa = PBXBuildFile; fileRef = 7146D9542A3DB8E300E16BD4 /* AllOrdersOfUserModel.swift */; };
		7155CB1229C7264300A55F7E /* BasketViewController.swift in Sources */ = {isa = PBXBuildFile; fileRef = 7155CB1129C7264300A55F7E /* BasketViewController.swift */; };
		7155CB1429C7326300A55F7E /* MenuCollectionViewCell.swift in Sources */ = {isa = PBXBuildFile; fileRef = 7155CB1329C7326300A55F7E /* MenuCollectionViewCell.swift */; };
		715665D92A3B0FF4008A8FD2 /* TypeOfFoodsModel.swift in Sources */ = {isa = PBXBuildFile; fileRef = 715665D82A3B0FF4008A8FD2 /* TypeOfFoodsModel.swift */; };
		715665DC2A3B1F8A008A8FD2 /* SpecificTypeOfFood.swift in Sources */ = {isa = PBXBuildFile; fileRef = 715665DB2A3B1F8A008A8FD2 /* SpecificTypeOfFood.swift */; };
		715665E02A3B5153008A8FD2 /* DataManager.swift in Sources */ = {isa = PBXBuildFile; fileRef = 715665DF2A3B5153008A8FD2 /* DataManager.swift */; };
		7160BE3629C9DFFE00090303 /* TypeOfFoodSelected.swift in Sources */ = {isa = PBXBuildFile; fileRef = 7160BE3529C9DFFE00090303 /* TypeOfFoodSelected.swift */; };
		7160BE3B29C9E36F00090303 /* TypeOfFoodCell.swift in Sources */ = {isa = PBXBuildFile; fileRef = 7160BE3A29C9E36F00090303 /* TypeOfFoodCell.swift */; };
		716521392A2B53A1007C4AAF /* LogInViewController.swift in Sources */ = {isa = PBXBuildFile; fileRef = 716521382A2B53A1007C4AAF /* LogInViewController.swift */; };
		7166F6FF29DD895C00AFD81E /* OrdersPageCollectionViewCell.swift in Sources */ = {isa = PBXBuildFile; fileRef = 7166F6FE29DD895C00AFD81E /* OrdersPageCollectionViewCell.swift */; };
		7182F43029EEA11E00272041 /* LocationPageViewController.swift in Sources */ = {isa = PBXBuildFile; fileRef = 7182F42F29EEA11E00272041 /* LocationPageViewController.swift */; };
		7186BC4F29C342D600DCB921 /* AppDelegate.swift in Sources */ = {isa = PBXBuildFile; fileRef = 7186BC4E29C342D600DCB921 /* AppDelegate.swift */; };
		7186BC5129C342D600DCB921 /* SceneDelegate.swift in Sources */ = {isa = PBXBuildFile; fileRef = 7186BC5029C342D600DCB921 /* SceneDelegate.swift */; };
		7186BC5329C342D600DCB921 /* TabBarController.swift in Sources */ = {isa = PBXBuildFile; fileRef = 7186BC5229C342D600DCB921 /* TabBarController.swift */; };
		7186BC5929C342D600DCB921 /* DailyFood.xcdatamodeld in Sources */ = {isa = PBXBuildFile; fileRef = 7186BC5729C342D600DCB921 /* DailyFood.xcdatamodeld */; };
		7186BC5B29C342D700DCB921 /* Assets.xcassets in Resources */ = {isa = PBXBuildFile; fileRef = 7186BC5A29C342D700DCB921 /* Assets.xcassets */; };
		7186BC5E29C342D700DCB921 /* LaunchScreen.storyboard in Resources */ = {isa = PBXBuildFile; fileRef = 7186BC5C29C342D700DCB921 /* LaunchScreen.storyboard */; };
		719DEEC029C3757700264668 /* NavBarController.swift in Sources */ = {isa = PBXBuildFile; fileRef = 719DEEBF29C3757700264668 /* NavBarController.swift */; };
		719DEEC329C387AD00264668 /* AccountViewCell.swift in Sources */ = {isa = PBXBuildFile; fileRef = 719DEEC229C387AD00264668 /* AccountViewCell.swift */; };
		71B2462C2A37AA0500A3E897 /* UsersModel .swift in Sources */ = {isa = PBXBuildFile; fileRef = 71B2462B2A37AA0500A3E897 /* UsersModel .swift */; };
		71C84A9B29E57D160076F8CA /* ManagerDataBasket.swift in Sources */ = {isa = PBXBuildFile; fileRef = 71C84A9A29E57D160076F8CA /* ManagerDataBasket.swift */; };
		71C84A9D29E5804E0076F8CA /* BasketCollectionViewCell.swift in Sources */ = {isa = PBXBuildFile; fileRef = 71C84A9C29E5804E0076F8CA /* BasketCollectionViewCell.swift */; };
		71D44E3E29DEE63200C83BF4 /* HexColor.swift in Sources */ = {isa = PBXBuildFile; fileRef = 71D44E3D29DEE63200C83BF4 /* HexColor.swift */; };
		71DB59BE29CC8D440024356E /* ApiManager.swift in Sources */ = {isa = PBXBuildFile; fileRef = 71DB59BD29CC8D440024356E /* ApiManager.swift */; };
		71E8086029D88B1A002112C2 /* LaunchScreenView.swift in Sources */ = {isa = PBXBuildFile; fileRef = 71E8085F29D88B1A002112C2 /* LaunchScreenView.swift */; };
/* End PBXBuildFile section */

/* Begin PBXFileReference section */
		7113AE4F29D4720600C12957 /* OrdersPageViewController.swift */ = {isa = PBXFileReference; lastKnownFileType = sourcecode.swift; path = OrdersPageViewController.swift; sourceTree = "<group>"; };
		7113AE5129D4721D00C12957 /* DataPageViewController.swift */ = {isa = PBXFileReference; lastKnownFileType = sourcecode.swift; path = DataPageViewController.swift; sourceTree = "<group>"; };
		7113AE5329D4722700C12957 /* BonusPageViewController.swift */ = {isa = PBXFileReference; lastKnownFileType = sourcecode.swift; path = BonusPageViewController.swift; sourceTree = "<group>"; };
		7113AE5629D4724000C12957 /* DeliveryPageViewController.swift */ = {isa = PBXFileReference; lastKnownFileType = sourcecode.swift; path = DeliveryPageViewController.swift; sourceTree = "<group>"; };
		7113AE5929D4754600C12957 /* TechHelpPageViewController.swift */ = {isa = PBXFileReference; lastKnownFileType = sourcecode.swift; path = TechHelpPageViewController.swift; sourceTree = "<group>"; };
		7125C5E129C363D000B85429 /* Resources.swift */ = {isa = PBXFileReference; lastKnownFileType = sourcecode.swift; path = Resources.swift; sourceTree = "<group>"; };
		7125C5E329C36F1E00B85429 /* MainViewController.swift */ = {isa = PBXFileReference; lastKnownFileType = sourcecode.swift; path = MainViewController.swift; sourceTree = "<group>"; };
		7125C5E529C36F5500B85429 /* AccountViewController.swift */ = {isa = PBXFileReference; lastKnownFileType = sourcecode.swift; path = AccountViewController.swift; sourceTree = "<group>"; };
		7146D9542A3DB8E300E16BD4 /* AllOrdersOfUserModel.swift */ = {isa = PBXFileReference; lastKnownFileType = sourcecode.swift; path = AllOrdersOfUserModel.swift; sourceTree = "<group>"; };
		7155CB1129C7264300A55F7E /* BasketViewController.swift */ = {isa = PBXFileReference; lastKnownFileType = sourcecode.swift; path = BasketViewController.swift; sourceTree = "<group>"; };
		7155CB1329C7326300A55F7E /* MenuCollectionViewCell.swift */ = {isa = PBXFileReference; lastKnownFileType = sourcecode.swift; path = MenuCollectionViewCell.swift; sourceTree = "<group>"; };
		715665D82A3B0FF4008A8FD2 /* TypeOfFoodsModel.swift */ = {isa = PBXFileReference; lastKnownFileType = sourcecode.swift; path = TypeOfFoodsModel.swift; sourceTree = "<group>"; };
		715665DB2A3B1F8A008A8FD2 /* SpecificTypeOfFood.swift */ = {isa = PBXFileReference; lastKnownFileType = sourcecode.swift; path = SpecificTypeOfFood.swift; sourceTree = "<group>"; };
		715665DF2A3B5153008A8FD2 /* DataManager.swift */ = {isa = PBXFileReference; lastKnownFileType = sourcecode.swift; path = DataManager.swift; sourceTree = "<group>"; };
		7160BE3529C9DFFE00090303 /* TypeOfFoodSelected.swift */ = {isa = PBXFileReference; lastKnownFileType = sourcecode.swift; path = TypeOfFoodSelected.swift; sourceTree = "<group>"; };
		7160BE3A29C9E36F00090303 /* TypeOfFoodCell.swift */ = {isa = PBXFileReference; lastKnownFileType = sourcecode.swift; path = TypeOfFoodCell.swift; sourceTree = "<group>"; };
		716521382A2B53A1007C4AAF /* LogInViewController.swift */ = {isa = PBXFileReference; lastKnownFileType = sourcecode.swift; path = LogInViewController.swift; sourceTree = "<group>"; };
		7166F6FE29DD895C00AFD81E /* OrdersPageCollectionViewCell.swift */ = {isa = PBXFileReference; lastKnownFileType = sourcecode.swift; path = OrdersPageCollectionViewCell.swift; sourceTree = "<group>"; };
		7182F42F29EEA11E00272041 /* LocationPageViewController.swift */ = {isa = PBXFileReference; lastKnownFileType = sourcecode.swift; path = LocationPageViewController.swift; sourceTree = "<group>"; };
		7186BC4B29C342D600DCB921 /* DailyFood.app */ = {isa = PBXFileReference; explicitFileType = wrapper.application; includeInIndex = 0; path = DailyFood.app; sourceTree = BUILT_PRODUCTS_DIR; };
		7186BC4E29C342D600DCB921 /* AppDelegate.swift */ = {isa = PBXFileReference; lastKnownFileType = sourcecode.swift; path = AppDelegate.swift; sourceTree = "<group>"; };
		7186BC5029C342D600DCB921 /* SceneDelegate.swift */ = {isa = PBXFileReference; lastKnownFileType = sourcecode.swift; path = SceneDelegate.swift; sourceTree = "<group>"; };
		7186BC5229C342D600DCB921 /* TabBarController.swift */ = {isa = PBXFileReference; lastKnownFileType = sourcecode.swift; path = TabBarController.swift; sourceTree = "<group>"; };
		7186BC5829C342D600DCB921 /* DailyFood.xcdatamodel */ = {isa = PBXFileReference; lastKnownFileType = wrapper.xcdatamodel; path = DailyFood.xcdatamodel; sourceTree = "<group>"; };
		7186BC5A29C342D700DCB921 /* Assets.xcassets */ = {isa = PBXFileReference; lastKnownFileType = folder.assetcatalog; path = Assets.xcassets; sourceTree = "<group>"; };
		7186BC5D29C342D700DCB921 /* Base */ = {isa = PBXFileReference; lastKnownFileType = file.storyboard; name = Base; path = Base.lproj/LaunchScreen.storyboard; sourceTree = "<group>"; };
		7186BC5F29C342D700DCB921 /* Info.plist */ = {isa = PBXFileReference; lastKnownFileType = text.plist.xml; path = Info.plist; sourceTree = "<group>"; };
		719DEEBF29C3757700264668 /* NavBarController.swift */ = {isa = PBXFileReference; lastKnownFileType = sourcecode.swift; path = NavBarController.swift; sourceTree = "<group>"; };
		719DEEC229C387AD00264668 /* AccountViewCell.swift */ = {isa = PBXFileReference; lastKnownFileType = sourcecode.swift; path = AccountViewCell.swift; sourceTree = "<group>"; };
		71B2462B2A37AA0500A3E897 /* UsersModel .swift */ = {isa = PBXFileReference; lastKnownFileType = sourcecode.swift; path = "UsersModel .swift"; sourceTree = "<group>"; };
		71C84A9A29E57D160076F8CA /* ManagerDataBasket.swift */ = {isa = PBXFileReference; lastKnownFileType = sourcecode.swift; path = ManagerDataBasket.swift; sourceTree = "<group>"; };
		71C84A9C29E5804E0076F8CA /* BasketCollectionViewCell.swift */ = {isa = PBXFileReference; lastKnownFileType = sourcecode.swift; path = BasketCollectionViewCell.swift; sourceTree = "<group>"; };
		71D44E3D29DEE63200C83BF4 /* HexColor.swift */ = {isa = PBXFileReference; lastKnownFileType = sourcecode.swift; path = HexColor.swift; sourceTree = "<group>"; };
		71DB59BD29CC8D440024356E /* ApiManager.swift */ = {isa = PBXFileReference; lastKnownFileType = sourcecode.swift; path = ApiManager.swift; sourceTree = "<group>"; };
		71E8085F29D88B1A002112C2 /* LaunchScreenView.swift */ = {isa = PBXFileReference; lastKnownFileType = sourcecode.swift; path = LaunchScreenView.swift; sourceTree = "<group>"; };
		74B748E04F077DE7CFB239BD /* Pods-DailyFood.debug.xcconfig */ = {isa = PBXFileReference; includeInIndex = 1; lastKnownFileType = text.xcconfig; name = "Pods-DailyFood.debug.xcconfig"; path = "Target Support Files/Pods-DailyFood/Pods-DailyFood.debug.xcconfig"; sourceTree = "<group>"; };
		882A0D0C9781FBE91A2A1171 /* Pods-DailyFood.release.xcconfig */ = {isa = PBXFileReference; includeInIndex = 1; lastKnownFileType = text.xcconfig; name = "Pods-DailyFood.release.xcconfig"; path = "Target Support Files/Pods-DailyFood/Pods-DailyFood.release.xcconfig"; sourceTree = "<group>"; };
		F2F15FDF9C6A252B8CC46786 /* Pods_DailyFood.framework */ = {isa = PBXFileReference; explicitFileType = wrapper.framework; includeInIndex = 0; path = Pods_DailyFood.framework; sourceTree = BUILT_PRODUCTS_DIR; };
/* End PBXFileReference section */

/* Begin PBXFrameworksBuildPhase section */
		7186BC4829C342D500DCB921 /* Frameworks */ = {
			isa = PBXFrameworksBuildPhase;
			buildActionMask = 2147483647;
			files = (
				0D17C81EA01EE8C5ABD9C5E6 /* Pods_DailyFood.framework in Frameworks */,
			);
			runOnlyForDeploymentPostprocessing = 0;
		};
/* End PBXFrameworksBuildPhase section */

/* Begin PBXGroup section */
		02ED078F04DC875761AA5D85 /* Pods */ = {
			isa = PBXGroup;
			children = (
				74B748E04F077DE7CFB239BD /* Pods-DailyFood.debug.xcconfig */,
				882A0D0C9781FBE91A2A1171 /* Pods-DailyFood.release.xcconfig */,
			);
			path = Pods;
			sourceTree = "<group>";
		};
		7106D70B29C343B6001F754E /* SupportingFiles */ = {
			isa = PBXGroup;
			children = (
				7186BC5A29C342D700DCB921 /* Assets.xcassets */,
				7186BC5C29C342D700DCB921 /* LaunchScreen.storyboard */,
				7186BC5F29C342D700DCB921 /* Info.plist */,
			);
			path = SupportingFiles;
			sourceTree = "<group>";
		};
		7106D70C29C343CF001F754E /* Application */ = {
			isa = PBXGroup;
			children = (
				7186BC4E29C342D600DCB921 /* AppDelegate.swift */,
				7186BC5029C342D600DCB921 /* SceneDelegate.swift */,
			);
			path = Application;
			sourceTree = "<group>";
		};
		7106D70D29C343DA001F754E /* Controllers */ = {
			isa = PBXGroup;
			children = (
				7160BE3729C9E25D00090303 /* MainPage */,
				716CF62329E198060013E158 /* BasketPage */,
				7160BE3929C9E29400090303 /* AccountPage */,
			);
			path = Controllers;
			sourceTree = "<group>";
		};
		7113AE4B29D4714400C12957 /* OrdersPage */ = {
			isa = PBXGroup;
			children = (
				7113AE4F29D4720600C12957 /* OrdersPageViewController.swift */,
				7166F6FE29DD895C00AFD81E /* OrdersPageCollectionViewCell.swift */,
				7182F42E29EEA0F600272041 /* LocationPage */,
			);
			path = OrdersPage;
			sourceTree = "<group>";
		};
		7113AE4C29D4717500C12957 /* DataPage */ = {
			isa = PBXGroup;
			children = (
				7113AE5129D4721D00C12957 /* DataPageViewController.swift */,
			);
			path = DataPage;
			sourceTree = "<group>";
		};
		7113AE4D29D471A300C12957 /* BonusPage */ = {
			isa = PBXGroup;
			children = (
				7113AE5329D4722700C12957 /* BonusPageViewController.swift */,
			);
			path = BonusPage;
			sourceTree = "<group>";
		};
		7113AE4E29D471B200C12957 /* DeliveryPage */ = {
			isa = PBXGroup;
			children = (
				7113AE5629D4724000C12957 /* DeliveryPageViewController.swift */,
			);
			path = DeliveryPage;
			sourceTree = "<group>";
		};
		7113AE5829D4752B00C12957 /* TechHelpPage */ = {
			isa = PBXGroup;
			children = (
				7113AE5929D4754600C12957 /* TechHelpPageViewController.swift */,
			);
			path = TechHelpPage;
			sourceTree = "<group>";
		};
		7125C5DF29C363AA00B85429 /* Helpers */ = {
			isa = PBXGroup;
			children = (
				7125C5E029C363BE00B85429 /* Resources */,
				71D44E3D29DEE63200C83BF4 /* HexColor.swift */,
			);
			path = Helpers;
			sourceTree = "<group>";
		};
		7125C5E029C363BE00B85429 /* Resources */ = {
			isa = PBXGroup;
			children = (
				7125C5E129C363D000B85429 /* Resources.swift */,
			);
			path = Resources;
			sourceTree = "<group>";
		};
		715665DA2A3B1469008A8FD2 /* Launch+LogIn */ = {
			isa = PBXGroup;
			children = (
				716521382A2B53A1007C4AAF /* LogInViewController.swift */,
				71E8085F29D88B1A002112C2 /* LaunchScreenView.swift */,
			);
			path = "Launch+LogIn";
			sourceTree = "<group>";
		};
		715665DD2A3B4E10008A8FD2 /* BD(NotWorking) */ = {
			isa = PBXGroup;
			children = (
				7186BC5729C342D600DCB921 /* DailyFood.xcdatamodeld */,
			);
			path = "BD(NotWorking)";
			sourceTree = "<group>";
		};
		715665DE2A3B513F008A8FD2 /* DataManager */ = {
			isa = PBXGroup;
			children = (
				715665DF2A3B5153008A8FD2 /* DataManager.swift */,
			);
			path = DataManager;
			sourceTree = "<group>";
		};
		7160BE3729C9E25D00090303 /* MainPage */ = {
			isa = PBXGroup;
			children = (
				7125C5E329C36F1E00B85429 /* MainViewController.swift */,
				7155CB1329C7326300A55F7E /* MenuCollectionViewCell.swift */,
				7160BE3829C9E27100090303 /* TypeOfFoodSelected */,
			);
			path = MainPage;
			sourceTree = "<group>";
		};
		7160BE3829C9E27100090303 /* TypeOfFoodSelected */ = {
			isa = PBXGroup;
			children = (
				7160BE3529C9DFFE00090303 /* TypeOfFoodSelected.swift */,
				7160BE3A29C9E36F00090303 /* TypeOfFoodCell.swift */,
			);
			path = TypeOfFoodSelected;
			sourceTree = "<group>";
		};
		7160BE3929C9E29400090303 /* AccountPage */ = {
			isa = PBXGroup;
			children = (
				7125C5E529C36F5500B85429 /* AccountViewController.swift */,
				719DEEC229C387AD00264668 /* AccountViewCell.swift */,
				7113AE4B29D4714400C12957 /* OrdersPage */,
				7113AE4C29D4717500C12957 /* DataPage */,
				7113AE4D29D471A300C12957 /* BonusPage */,
				7113AE4E29D471B200C12957 /* DeliveryPage */,
				7113AE5829D4752B00C12957 /* TechHelpPage */,
			);
			path = AccountPage;
			sourceTree = "<group>";
		};
		716CF62329E198060013E158 /* BasketPage */ = {
			isa = PBXGroup;
			children = (
				7155CB1129C7264300A55F7E /* BasketViewController.swift */,
				71C84A9C29E5804E0076F8CA /* BasketCollectionViewCell.swift */,
				71C84A9A29E57D160076F8CA /* ManagerDataBasket.swift */,
			);
			path = BasketPage;
			sourceTree = "<group>";
		};
		7182F42E29EEA0F600272041 /* LocationPage */ = {
			isa = PBXGroup;
			children = (
				7182F42F29EEA11E00272041 /* LocationPageViewController.swift */,
			);
			path = LocationPage;
			sourceTree = "<group>";
		};
		7186BC4229C342D500DCB921 = {
			isa = PBXGroup;
			children = (
				7186BC4D29C342D600DCB921 /* DailyFood */,
				B13CC556A85F3E91D20DA34F /* Frameworks */,
				02ED078F04DC875761AA5D85 /* Pods */,
				7186BC4C29C342D600DCB921 /* Products */,
			);
			sourceTree = "<group>";
		};
		7186BC4C29C342D600DCB921 /* Products */ = {
			isa = PBXGroup;
			children = (
				7186BC4B29C342D600DCB921 /* DailyFood.app */,
			);
			name = Products;
			sourceTree = "<group>";
		};
		7186BC4D29C342D600DCB921 /* DailyFood */ = {
			isa = PBXGroup;
			children = (
				715665DE2A3B513F008A8FD2 /* DataManager */,
				71DB59BA29CC8D140024356E /* Api */,
				7106D70C29C343CF001F754E /* Application */,
				719DEEC129C3773700264668 /* Base */,
				715665DD2A3B4E10008A8FD2 /* BD(NotWorking) */,
				7106D70D29C343DA001F754E /* Controllers */,
				7125C5DF29C363AA00B85429 /* Helpers */,
				715665DA2A3B1469008A8FD2 /* Launch+LogIn */,
				71DB59BC29CC8D2A0024356E /* Model */,
				7106D70B29C343B6001F754E /* SupportingFiles */,
			);
			path = DailyFood;
			sourceTree = "<group>";
		};
		719DEEC129C3773700264668 /* Base */ = {
			isa = PBXGroup;
			children = (
				7186BC5229C342D600DCB921 /* TabBarController.swift */,
				719DEEBF29C3757700264668 /* NavBarController.swift */,
			);
			path = Base;
			sourceTree = "<group>";
		};
		71DB59BA29CC8D140024356E /* Api */ = {
			isa = PBXGroup;
			children = (
				71DB59BB29CC8D210024356E /* Network */,
			);
			path = Api;
			sourceTree = "<group>";
		};
		71DB59BB29CC8D210024356E /* Network */ = {
			isa = PBXGroup;
			children = (
				71DB59BD29CC8D440024356E /* ApiManager.swift */,
			);
			path = Network;
			sourceTree = "<group>";
		};
		71DB59BC29CC8D2A0024356E /* Model */ = {
			isa = PBXGroup;
			children = (
				71B2462B2A37AA0500A3E897 /* UsersModel .swift */,
				715665D82A3B0FF4008A8FD2 /* TypeOfFoodsModel.swift */,
				715665DB2A3B1F8A008A8FD2 /* SpecificTypeOfFood.swift */,
				7146D9542A3DB8E300E16BD4 /* AllOrdersOfUserModel.swift */,
			);
			path = Model;
			sourceTree = "<group>";
		};
		B13CC556A85F3E91D20DA34F /* Frameworks */ = {
			isa = PBXGroup;
			children = (
				F2F15FDF9C6A252B8CC46786 /* Pods_DailyFood.framework */,
			);
			name = Frameworks;
			sourceTree = "<group>";
		};
/* End PBXGroup section */

/* Begin PBXNativeTarget section */
		7186BC4A29C342D500DCB921 /* DailyFood */ = {
			isa = PBXNativeTarget;
			buildConfigurationList = 7186BC6229C342D700DCB921 /* Build configuration list for PBXNativeTarget "DailyFood" */;
			buildPhases = (
				9A5045E6B25E28B27FBCF808 /* [CP] Check Pods Manifest.lock */,
				7186BC4729C342D500DCB921 /* Sources */,
				7186BC4829C342D500DCB921 /* Frameworks */,
				7186BC4929C342D500DCB921 /* Resources */,
				941E79E2AD99623D0874C232 /* [CP] Embed Pods Frameworks */,
			);
			buildRules = (
			);
			dependencies = (
			);
			name = DailyFood;
			productName = DailyFood;
			productReference = 7186BC4B29C342D600DCB921 /* DailyFood.app */;
			productType = "com.apple.product-type.application";
		};
/* End PBXNativeTarget section */

/* Begin PBXProject section */
		7186BC4329C342D500DCB921 /* Project object */ = {
			isa = PBXProject;
			attributes = {
				BuildIndependentTargetsInParallel = 1;
				LastSwiftUpdateCheck = 1420;
				LastUpgradeCheck = 1420;
				TargetAttributes = {
					7186BC4A29C342D500DCB921 = {
						CreatedOnToolsVersion = 14.2;
					};
				};
			};
			buildConfigurationList = 7186BC4629C342D500DCB921 /* Build configuration list for PBXProject "DailyFood" */;
			compatibilityVersion = "Xcode 14.0";
			developmentRegion = en;
			hasScannedForEncodings = 0;
			knownRegions = (
				en,
				Base,
			);
			mainGroup = 7186BC4229C342D500DCB921;
			productRefGroup = 7186BC4C29C342D600DCB921 /* Products */;
			projectDirPath = "";
			projectRoot = "";
			targets = (
				7186BC4A29C342D500DCB921 /* DailyFood */,
			);
		};
/* End PBXProject section */

/* Begin PBXResourcesBuildPhase section */
		7186BC4929C342D500DCB921 /* Resources */ = {
			isa = PBXResourcesBuildPhase;
			buildActionMask = 2147483647;
			files = (
				7186BC5E29C342D700DCB921 /* LaunchScreen.storyboard in Resources */,
				7186BC5B29C342D700DCB921 /* Assets.xcassets in Resources */,
			);
			runOnlyForDeploymentPostprocessing = 0;
		};
/* End PBXResourcesBuildPhase section */

/* Begin PBXShellScriptBuildPhase section */
		941E79E2AD99623D0874C232 /* [CP] Embed Pods Frameworks */ = {
			isa = PBXShellScriptBuildPhase;
			buildActionMask = 2147483647;
			files = (
			);
			inputFileListPaths = (
				"${PODS_ROOT}/Target Support Files/Pods-DailyFood/Pods-DailyFood-frameworks-${CONFIGURATION}-input-files.xcfilelist",
			);
			name = "[CP] Embed Pods Frameworks";
			outputFileListPaths = (
				"${PODS_ROOT}/Target Support Files/Pods-DailyFood/Pods-DailyFood-frameworks-${CONFIGURATION}-output-files.xcfilelist",
			);
			runOnlyForDeploymentPostprocessing = 0;
			shellPath = /bin/sh;
			shellScript = "\"${PODS_ROOT}/Target Support Files/Pods-DailyFood/Pods-DailyFood-frameworks.sh\"\n";
			showEnvVarsInLog = 0;
		};
		9A5045E6B25E28B27FBCF808 /* [CP] Check Pods Manifest.lock */ = {
			isa = PBXShellScriptBuildPhase;
			buildActionMask = 2147483647;
			files = (
			);
			inputFileListPaths = (
			);
			inputPaths = (
				"${PODS_PODFILE_DIR_PATH}/Podfile.lock",
				"${PODS_ROOT}/Manifest.lock",
			);
			name = "[CP] Check Pods Manifest.lock";
			outputFileListPaths = (
			);
			outputPaths = (
				"$(DERIVED_FILE_DIR)/Pods-DailyFood-checkManifestLockResult.txt",
			);
			runOnlyForDeploymentPostprocessing = 0;
			shellPath = /bin/sh;
			shellScript = "diff \"${PODS_PODFILE_DIR_PATH}/Podfile.lock\" \"${PODS_ROOT}/Manifest.lock\" > /dev/null\nif [ $? != 0 ] ; then\n    # print error to STDERR\n    echo \"error: The sandbox is not in sync with the Podfile.lock. Run 'pod install' or update your CocoaPods installation.\" >&2\n    exit 1\nfi\n# This output is used by Xcode 'outputs' to avoid re-running this script phase.\necho \"SUCCESS\" > \"${SCRIPT_OUTPUT_FILE_0}\"\n";
			showEnvVarsInLog = 0;
		};
/* End PBXShellScriptBuildPhase section */

/* Begin PBXSourcesBuildPhase section */
		7186BC4729C342D500DCB921 /* Sources */ = {
			isa = PBXSourcesBuildPhase;
			buildActionMask = 2147483647;
			files = (
				7155CB1229C7264300A55F7E /* BasketViewController.swift in Sources */,
				71C84A9B29E57D160076F8CA /* ManagerDataBasket.swift in Sources */,
				7186BC5329C342D600DCB921 /* TabBarController.swift in Sources */,
				7186BC5929C342D600DCB921 /* DailyFood.xcdatamodeld in Sources */,
				7125C5E229C363D000B85429 /* Resources.swift in Sources */,
				719DEEC329C387AD00264668 /* AccountViewCell.swift in Sources */,
				7182F43029EEA11E00272041 /* LocationPageViewController.swift in Sources */,
				7186BC4F29C342D600DCB921 /* AppDelegate.swift in Sources */,
				715665DC2A3B1F8A008A8FD2 /* SpecificTypeOfFood.swift in Sources */,
				7113AE5429D4722700C12957 /* BonusPageViewController.swift in Sources */,
				7160BE3B29C9E36F00090303 /* TypeOfFoodCell.swift in Sources */,
				7125C5E629C36F5500B85429 /* AccountViewController.swift in Sources */,
				71C84A9D29E5804E0076F8CA /* BasketCollectionViewCell.swift in Sources */,
				7155CB1429C7326300A55F7E /* MenuCollectionViewCell.swift in Sources */,
				7125C5E429C36F1E00B85429 /* MainViewController.swift in Sources */,
				71DB59BE29CC8D440024356E /* ApiManager.swift in Sources */,
				715665D92A3B0FF4008A8FD2 /* TypeOfFoodsModel.swift in Sources */,
				715665E02A3B5153008A8FD2 /* DataManager.swift in Sources */,
				7166F6FF29DD895C00AFD81E /* OrdersPageCollectionViewCell.swift in Sources */,
				71D44E3E29DEE63200C83BF4 /* HexColor.swift in Sources */,
				7186BC5129C342D600DCB921 /* SceneDelegate.swift in Sources */,
				7146D9552A3DB8E300E16BD4 /* AllOrdersOfUserModel.swift in Sources */,
				7113AE5A29D4754600C12957 /* TechHelpPageViewController.swift in Sources */,
				716521392A2B53A1007C4AAF /* LogInViewController.swift in Sources */,
				7113AE5029D4720600C12957 /* OrdersPageViewController.swift in Sources */,
				71E8086029D88B1A002112C2 /* LaunchScreenView.swift in Sources */,
				71B2462C2A37AA0500A3E897 /* UsersModel .swift in Sources */,
				7113AE5229D4721D00C12957 /* DataPageViewController.swift in Sources */,
				7160BE3629C9DFFE00090303 /* TypeOfFoodSelected.swift in Sources */,
				7113AE5729D4724000C12957 /* DeliveryPageViewController.swift in Sources */,
				719DEEC029C3757700264668 /* NavBarController.swift in Sources */,
			);
			runOnlyForDeploymentPostprocessing = 0;
		};
/* End PBXSourcesBuildPhase section */

/* Begin PBXVariantGroup section */
		7186BC5C29C342D700DCB921 /* LaunchScreen.storyboard */ = {
			isa = PBXVariantGroup;
			children = (
				7186BC5D29C342D700DCB921 /* Base */,
			);
			name = LaunchScreen.storyboard;
			sourceTree = "<group>";
		};
/* End PBXVariantGroup section */

/* Begin XCBuildConfiguration section */
		7186BC6029C342D700DCB921 /* Debug */ = {
			isa = XCBuildConfiguration;
			buildSettings = {
				ALWAYS_SEARCH_USER_PATHS = NO;
				CLANG_ANALYZER_NONNULL = YES;
				CLANG_ANALYZER_NUMBER_OBJECT_CONVERSION = YES_AGGRESSIVE;
				CLANG_CXX_LANGUAGE_STANDARD = "gnu++20";
				CLANG_ENABLE_MODULES = YES;
				CLANG_ENABLE_OBJC_ARC = YES;
				CLANG_ENABLE_OBJC_WEAK = YES;
				CLANG_WARN_BLOCK_CAPTURE_AUTORELEASING = YES;
				CLANG_WARN_BOOL_CONVERSION = YES;
				CLANG_WARN_COMMA = YES;
				CLANG_WARN_CONSTANT_CONVERSION = YES;
				CLANG_WARN_DEPRECATED_OBJC_IMPLEMENTATIONS = YES;
				CLANG_WARN_DIRECT_OBJC_ISA_USAGE = YES_ERROR;
				CLANG_WARN_DOCUMENTATION_COMMENTS = YES;
				CLANG_WARN_EMPTY_BODY = YES;
				CLANG_WARN_ENUM_CONVERSION = YES;
				CLANG_WARN_INFINITE_RECURSION = YES;
				CLANG_WARN_INT_CONVERSION = YES;
				CLANG_WARN_NON_LITERAL_NULL_CONVERSION = YES;
				CLANG_WARN_OBJC_IMPLICIT_RETAIN_SELF = YES;
				CLANG_WARN_OBJC_LITERAL_CONVERSION = YES;
				CLANG_WARN_OBJC_ROOT_CLASS = YES_ERROR;
				CLANG_WARN_QUOTED_INCLUDE_IN_FRAMEWORK_HEADER = YES;
				CLANG_WARN_RANGE_LOOP_ANALYSIS = YES;
				CLANG_WARN_STRICT_PROTOTYPES = YES;
				CLANG_WARN_SUSPICIOUS_MOVE = YES;
				CLANG_WARN_UNGUARDED_AVAILABILITY = YES_AGGRESSIVE;
				CLANG_WARN_UNREACHABLE_CODE = YES;
				CLANG_WARN__DUPLICATE_METHOD_MATCH = YES;
				COPY_PHASE_STRIP = NO;
				DEBUG_INFORMATION_FORMAT = dwarf;
				ENABLE_STRICT_OBJC_MSGSEND = YES;
				ENABLE_TESTABILITY = YES;
				GCC_C_LANGUAGE_STANDARD = gnu11;
				GCC_DYNAMIC_NO_PIC = NO;
				GCC_NO_COMMON_BLOCKS = YES;
				GCC_OPTIMIZATION_LEVEL = 0;
				GCC_PREPROCESSOR_DEFINITIONS = (
					"DEBUG=1",
					"$(inherited)",
				);
				GCC_WARN_64_TO_32_BIT_CONVERSION = YES;
				GCC_WARN_ABOUT_RETURN_TYPE = YES_ERROR;
				GCC_WARN_UNDECLARED_SELECTOR = YES;
				GCC_WARN_UNINITIALIZED_AUTOS = YES_AGGRESSIVE;
				GCC_WARN_UNUSED_FUNCTION = YES;
				GCC_WARN_UNUSED_VARIABLE = YES;
				IPHONEOS_DEPLOYMENT_TARGET = 16.0;
				MTL_ENABLE_DEBUG_INFO = INCLUDE_SOURCE;
				MTL_FAST_MATH = YES;
				ONLY_ACTIVE_ARCH = YES;
				SDKROOT = iphoneos;
				SWIFT_ACTIVE_COMPILATION_CONDITIONS = DEBUG;
				SWIFT_OPTIMIZATION_LEVEL = "-Onone";
			};
			name = Debug;
		};
		7186BC6129C342D700DCB921 /* Release */ = {
			isa = XCBuildConfiguration;
			buildSettings = {
				ALWAYS_SEARCH_USER_PATHS = NO;
				CLANG_ANALYZER_NONNULL = YES;
				CLANG_ANALYZER_NUMBER_OBJECT_CONVERSION = YES_AGGRESSIVE;
				CLANG_CXX_LANGUAGE_STANDARD = "gnu++20";
				CLANG_ENABLE_MODULES = YES;
				CLANG_ENABLE_OBJC_ARC = YES;
				CLANG_ENABLE_OBJC_WEAK = YES;
				CLANG_WARN_BLOCK_CAPTURE_AUTORELEASING = YES;
				CLANG_WARN_BOOL_CONVERSION = YES;
				CLANG_WARN_COMMA = YES;
				CLANG_WARN_CONSTANT_CONVERSION = YES;
				CLANG_WARN_DEPRECATED_OBJC_IMPLEMENTATIONS = YES;
				CLANG_WARN_DIRECT_OBJC_ISA_USAGE = YES_ERROR;
				CLANG_WARN_DOCUMENTATION_COMMENTS = YES;
				CLANG_WARN_EMPTY_BODY = YES;
				CLANG_WARN_ENUM_CONVERSION = YES;
				CLANG_WARN_INFINITE_RECURSION = YES;
				CLANG_WARN_INT_CONVERSION = YES;
				CLANG_WARN_NON_LITERAL_NULL_CONVERSION = YES;
				CLANG_WARN_OBJC_IMPLICIT_RETAIN_SELF = YES;
				CLANG_WARN_OBJC_LITERAL_CONVERSION = YES;
				CLANG_WARN_OBJC_ROOT_CLASS = YES_ERROR;
				CLANG_WARN_QUOTED_INCLUDE_IN_FRAMEWORK_HEADER = YES;
				CLANG_WARN_RANGE_LOOP_ANALYSIS = YES;
				CLANG_WARN_STRICT_PROTOTYPES = YES;
				CLANG_WARN_SUSPICIOUS_MOVE = YES;
				CLANG_WARN_UNGUARDED_AVAILABILITY = YES_AGGRESSIVE;
				CLANG_WARN_UNREACHABLE_CODE = YES;
				CLANG_WARN__DUPLICATE_METHOD_MATCH = YES;
				COPY_PHASE_STRIP = NO;
				DEBUG_INFORMATION_FORMAT = "dwarf-with-dsym";
				ENABLE_NS_ASSERTIONS = NO;
				ENABLE_STRICT_OBJC_MSGSEND = YES;
				GCC_C_LANGUAGE_STANDARD = gnu11;
				GCC_NO_COMMON_BLOCKS = YES;
				GCC_WARN_64_TO_32_BIT_CONVERSION = YES;
				GCC_WARN_ABOUT_RETURN_TYPE = YES_ERROR;
				GCC_WARN_UNDECLARED_SELECTOR = YES;
				GCC_WARN_UNINITIALIZED_AUTOS = YES_AGGRESSIVE;
				GCC_WARN_UNUSED_FUNCTION = YES;
				GCC_WARN_UNUSED_VARIABLE = YES;
				IPHONEOS_DEPLOYMENT_TARGET = 16.0;
				MTL_ENABLE_DEBUG_INFO = NO;
				MTL_FAST_MATH = YES;
				SDKROOT = iphoneos;
				SWIFT_COMPILATION_MODE = wholemodule;
				SWIFT_OPTIMIZATION_LEVEL = "-O";
				VALIDATE_PRODUCT = YES;
			};
			name = Release;
		};
		7186BC6329C342D700DCB921 /* Debug */ = {
			isa = XCBuildConfiguration;
			baseConfigurationReference = 74B748E04F077DE7CFB239BD /* Pods-DailyFood.debug.xcconfig */;
			buildSettings = {
				ASSETCATALOG_COMPILER_APPICON_NAME = AppIcon;
				ASSETCATALOG_COMPILER_GLOBAL_ACCENT_COLOR_NAME = AccentColor;
				CODE_SIGN_IDENTITY = "Apple Development";
				CODE_SIGN_STYLE = Automatic;
				CURRENT_PROJECT_VERSION = 1;
				DEVELOPMENT_TEAM = 8U5JRPA4B7;
				GENERATE_INFOPLIST_FILE = YES;
				INFOPLIST_FILE = DailyFood/SupportingFiles/Info.plist;
				INFOPLIST_KEY_UIApplicationSupportsIndirectInputEvents = YES;
				INFOPLIST_KEY_UILaunchStoryboardName = LaunchScreen;
				INFOPLIST_KEY_UISupportedInterfaceOrientations = UIInterfaceOrientationPortrait;
				IPHONEOS_DEPLOYMENT_TARGET = 16.0;
				LD_RUNPATH_SEARCH_PATHS = (
					"$(inherited)",
					"@executable_path/Frameworks",
				);
				MARKETING_VERSION = 1.0;
				PRODUCT_BUNDLE_IDENTIFIER = PipsSolution;
				PRODUCT_NAME = "$(TARGET_NAME)";
				PROVISIONING_PROFILE_SPECIFIER = "";
				SUPPORTED_PLATFORMS = "iphoneos iphonesimulator";
				SUPPORTS_MACCATALYST = NO;
				SUPPORTS_MAC_DESIGNED_FOR_IPHONE_IPAD = NO;
				SWIFT_EMIT_LOC_STRINGS = YES;
				SWIFT_VERSION = 5.0;
				TARGETED_DEVICE_FAMILY = 1;
			};
			name = Debug;
		};
		7186BC6429C342D700DCB921 /* Release */ = {
			isa = XCBuildConfiguration;
			baseConfigurationReference = 882A0D0C9781FBE91A2A1171 /* Pods-DailyFood.release.xcconfig */;
			buildSettings = {
				ASSETCATALOG_COMPILER_APPICON_NAME = AppIcon;
				ASSETCATALOG_COMPILER_GLOBAL_ACCENT_COLOR_NAME = AccentColor;
				CODE_SIGN_IDENTITY = "Apple Development";
				CODE_SIGN_STYLE = Automatic;
				CURRENT_PROJECT_VERSION = 1;
				DEVELOPMENT_TEAM = 8U5JRPA4B7;
				GENERATE_INFOPLIST_FILE = YES;
				INFOPLIST_FILE = DailyFood/SupportingFiles/Info.plist;
				INFOPLIST_KEY_UIApplicationSupportsIndirectInputEvents = YES;
				INFOPLIST_KEY_UILaunchStoryboardName = LaunchScreen;
				INFOPLIST_KEY_UISupportedInterfaceOrientations = UIInterfaceOrientationPortrait;
				IPHONEOS_DEPLOYMENT_TARGET = 16.0;
				LD_RUNPATH_SEARCH_PATHS = (
					"$(inherited)",
					"@executable_path/Frameworks",
				);
				MARKETING_VERSION = 1.0;
				PRODUCT_BUNDLE_IDENTIFIER = PipsSolution;
				PRODUCT_NAME = "$(TARGET_NAME)";
				PROVISIONING_PROFILE_SPECIFIER = "";
				SUPPORTED_PLATFORMS = "iphoneos iphonesimulator";
				SUPPORTS_MACCATALYST = NO;
				SUPPORTS_MAC_DESIGNED_FOR_IPHONE_IPAD = NO;
				SWIFT_EMIT_LOC_STRINGS = YES;
				SWIFT_VERSION = 5.0;
				TARGETED_DEVICE_FAMILY = 1;
			};
			name = Release;
		};
/* End XCBuildConfiguration section */

/* Begin XCConfigurationList section */
		7186BC4629C342D500DCB921 /* Build configuration list for PBXProject "DailyFood" */ = {
			isa = XCConfigurationList;
			buildConfigurations = (
				7186BC6029C342D700DCB921 /* Debug */,
				7186BC6129C342D700DCB921 /* Release */,
			);
			defaultConfigurationIsVisible = 0;
			defaultConfigurationName = Release;
		};
		7186BC6229C342D700DCB921 /* Build configuration list for PBXNativeTarget "DailyFood" */ = {
			isa = XCConfigurationList;
			buildConfigurations = (
				7186BC6329C342D700DCB921 /* Debug */,
				7186BC6429C342D700DCB921 /* Release */,
			);
			defaultConfigurationIsVisible = 0;
			defaultConfigurationName = Release;
		};
/* End XCConfigurationList section */

/* Begin XCVersionGroup section */
		7186BC5729C342D600DCB921 /* DailyFood.xcdatamodeld */ = {
			isa = XCVersionGroup;
			children = (
				7186BC5829C342D600DCB921 /* DailyFood.xcdatamodel */,
			);
			currentVersion = 7186BC5829C342D600DCB921 /* DailyFood.xcdatamodel */;
			path = DailyFood.xcdatamodeld;
			sourceTree = "<group>";
			versionGroupType = wrapper.xcdatamodel;
		};
/* End XCVersionGroup section */
	};
	rootObject = 7186BC4329C342D500DCB921 /* Project object */;
}
